
Microsoft Visual Studio Solution File, Format Version 12.00
# Visual Studio Version 17
VisualStudioVersion = 17.9.34714.143
MinimumVisualStudioVersion = 10.0.40219.1
Project("{FAE04EC0-301F-11D3-BF4B-00C04F79EFBC}") = "migris-visit", "migris-visit.csproj", "{E9CC81CC-F8D3-4473-BA42-27218E2EF701}"
EndProject
Global
	GlobalSection(SolutionConfigurationPlatforms) = preSolution
		Debug|Any CPU = Debug|Any CPU
		Release|Any CPU = Release|Any CPU
	EndGlobalSection
	GlobalSection(ProjectConfigurationPlatforms) = postSolution
		{E9CC81CC-F8D3-4473-BA42-27218E2EF701}.Debug|Any CPU.ActiveCfg = Debug|Any CPU
		{E9CC81CC-F8D3-4473-BA42-27218E2EF701}.Debug|Any CPU.Build.0 = Debug|Any CPU
		{E9CC81CC-F8D3-4473-BA42-27218E2EF701}.Release|Any CPU.ActiveCfg = Release|Any CPU
		{E9CC81CC-F8D3-4473-BA42-27218E2EF701}.Release|Any CPU.Build.0 = Release|Any CPU
	EndGlobalSection
	GlobalSection(SolutionProperties) = preSolution
		HideSolutionNode = FALSE
	EndGlobalSection
	GlobalSection(ExtensibilityGlobals) = postSolution
		SolutionGuid = {51112FF5-B4DB-410E-A96D-7C55D103EA05}
	EndGlobalSection
EndGlobal
